// !$*UTF8*$!
{
	archiveVersion = 1;
	classes = {
	};
	objectVersion = 50;
	objects = {

/* Begin PBXBuildFile section */
		2163C75E288493800023202D /* AppDelegate.swift in Sources */ = {isa = PBXBuildFile; fileRef = 2163C75D288493800023202D /* AppDelegate.swift */; };
		2163C760288493800023202D /* SceneDelegate.swift in Sources */ = {isa = PBXBuildFile; fileRef = 2163C75F288493800023202D /* SceneDelegate.swift */; };
		2163C762288493800023202D /* ViewController.swift in Sources */ = {isa = PBXBuildFile; fileRef = 2163C761288493800023202D /* ViewController.swift */; };
		2163C765288493800023202D /* Main.storyboard in Resources */ = {isa = PBXBuildFile; fileRef = 2163C763288493800023202D /* Main.storyboard */; };
		2163C767288493810023202D /* Assets.xcassets in Resources */ = {isa = PBXBuildFile; fileRef = 2163C766288493810023202D /* Assets.xcassets */; };
		2163C76A288493810023202D /* LaunchScreen.storyboard in Resources */ = {isa = PBXBuildFile; fileRef = 2163C768288493810023202D /* LaunchScreen.storyboard */; };
		2163C775288493810023202D /* star_uygulamas_Tests.swift in Sources */ = {isa = PBXBuildFile; fileRef = 2163C774288493810023202D /* star_uygulamas_Tests.swift */; };
		2163C780288493810023202D /* star_uygulamas_UITests.swift in Sources */ = {isa = PBXBuildFile; fileRef = 2163C77F288493810023202D /* star_uygulamas_UITests.swift */; };
		2163C7912884976F0023202D /* Cristiano_Ronaldo_2018.jpeg in Resources */ = {isa = PBXBuildFile; fileRef = 2163C78D2884976F0023202D /* Cristiano_Ronaldo_2018.jpeg */; };
		2163C7922884976F0023202D /* Cristiano_Ronaldo_2018.jpeg in Resources */ = {isa = PBXBuildFile; fileRef = 2163C78D2884976F0023202D /* Cristiano_Ronaldo_2018.jpeg */; };
		2163C7932884976F0023202D /* Cristiano_Ronaldo_2018.jpeg in Resources */ = {isa = PBXBuildFile; fileRef = 2163C78D2884976F0023202D /* Cristiano_Ronaldo_2018.jpeg */; };
		2163C7942884976F0023202D /* Lionel_Messi_20180626.jpeg in Resources */ = {isa = PBXBuildFile; fileRef = 2163C78E2884976F0023202D /* Lionel_Messi_20180626.jpeg */; };
		2163C7952884976F0023202D /* Lionel_Messi_20180626.jpeg in Resources */ = {isa = PBXBuildFile; fileRef = 2163C78E2884976F0023202D /* Lionel_Messi_20180626.jpeg */; };
		2163C7962884976F0023202D /* Lionel_Messi_20180626.jpeg in Resources */ = {isa = PBXBuildFile; fileRef = 2163C78E2884976F0023202D /* Lionel_Messi_20180626.jpeg */; };
		2163C7972884976F0023202D /* rondilho.jpeg in Resources */ = {isa = PBXBuildFile; fileRef = 2163C78F2884976F0023202D /* rondilho.jpeg */; };
		2163C7982884976F0023202D /* rondilho.jpeg in Resources */ = {isa = PBXBuildFile; fileRef = 2163C78F2884976F0023202D /* rondilho.jpeg */; };
		2163C7992884976F0023202D /* rondilho.jpeg in Resources */ = {isa = PBXBuildFile; fileRef = 2163C78F2884976F0023202D /* rondilho.jpeg */; };
		2163C79A2884976F0023202D /* diego-maradona-1401100569-36.jpeg in Resources */ = {isa = PBXBuildFile; fileRef = 2163C7902884976F0023202D /* diego-maradona-1401100569-36.jpeg */; };
		2163C79B2884976F0023202D /* diego-maradona-1401100569-36.jpeg in Resources */ = {isa = PBXBuildFile; fileRef = 2163C7902884976F0023202D /* diego-maradona-1401100569-36.jpeg */; };
		2163C79C2884976F0023202D /* diego-maradona-1401100569-36.jpeg in Resources */ = {isa = PBXBuildFile; fileRef = 2163C7902884976F0023202D /* diego-maradona-1401100569-36.jpeg */; };
		2163C79E288498310023202D /* detailViewController.swift in Sources */ = {isa = PBXBuildFile; fileRef = 2163C79D288498310023202D /* detailViewController.swift */; };
		2163C79F288498310023202D /* detailViewController.swift in Sources */ = {isa = PBXBuildFile; fileRef = 2163C79D288498310023202D /* detailViewController.swift */; };
		2163C7A0288498310023202D /* detailViewController.swift in Sources */ = {isa = PBXBuildFile; fileRef = 2163C79D288498310023202D /* detailViewController.swift */; };
		2163C7A628849EC40023202D /* kullanici.swift in Sources */ = {isa = PBXBuildFile; fileRef = 2163C7A528849EC40023202D /* kullanici.swift */; };
		2163C7A728849EC40023202D /* kullanici.swift in Sources */ = {isa = PBXBuildFile; fileRef = 2163C7A528849EC40023202D /* kullanici.swift */; };
		2163C7A828849EC40023202D /* kullanici.swift in Sources */ = {isa = PBXBuildFile; fileRef = 2163C7A528849EC40023202D /* kullanici.swift */; };
/* End PBXBuildFile section */

/* Begin PBXContainerItemProxy section */
		2163C771288493810023202D /* PBXContainerItemProxy */ = {
			isa = PBXContainerItemProxy;
			containerPortal = 2163C752288493800023202D /* Project object */;
			proxyType = 1;
			remoteGlobalIDString = 2163C759288493800023202D;
			remoteInfo = "star uygulaması";
		};
		2163C77C288493810023202D /* PBXContainerItemProxy */ = {
			isa = PBXContainerItemProxy;
			containerPortal = 2163C752288493800023202D /* Project object */;
			proxyType = 1;
			remoteGlobalIDString = 2163C759288493800023202D;
			remoteInfo = "star uygulaması";
		};
/* End PBXContainerItemProxy section */

/* Begin PBXFileReference section */
		2163C75A288493800023202D /* star uygulaması.app */ = {isa = PBXFileReference; explicitFileType = wrapper.application; includeInIndex = 0; path = "star uygulaması.app"; sourceTree = BUILT_PRODUCTS_DIR; };
		2163C75D288493800023202D /* AppDelegate.swift */ = {isa = PBXFileReference; lastKnownFileType = sourcecode.swift; path = AppDelegate.swift; sourceTree = "<group>"; };
		2163C75F288493800023202D /* SceneDelegate.swift */ = {isa = PBXFileReference; lastKnownFileType = sourcecode.swift; path = SceneDelegate.swift; sourceTree = "<group>"; };
		2163C761288493800023202D /* ViewController.swift */ = {isa = PBXFileReference; lastKnownFileType = sourcecode.swift; path = ViewController.swift; sourceTree = "<group>"; };
		2163C764288493800023202D /* Base */ = {isa = PBXFileReference; lastKnownFileType = file.storyboard; name = Base; path = Base.lproj/Main.storyboard; sourceTree = "<group>"; };
		2163C766288493810023202D /* Assets.xcassets */ = {isa = PBXFileReference; lastKnownFileType = folder.assetcatalog; path = Assets.xcassets; sourceTree = "<group>"; };
		2163C769288493810023202D /* Base */ = {isa = PBXFileReference; lastKnownFileType = file.storyboard; name = Base; path = Base.lproj/LaunchScreen.storyboard; sourceTree = "<group>"; };
		2163C76B288493810023202D /* Info.plist */ = {isa = PBXFileReference; lastKnownFileType = text.plist.xml; path = Info.plist; sourceTree = "<group>"; };
		2163C770288493810023202D /* star uygulamasıTests.xctest */ = {isa = PBXFileReference; explicitFileType = wrapper.cfbundle; includeInIndex = 0; path = "star uygulamasıTests.xctest"; sourceTree = BUILT_PRODUCTS_DIR; };
		2163C774288493810023202D /* star_uygulamas_Tests.swift */ = {isa = PBXFileReference; lastKnownFileType = sourcecode.swift; path = star_uygulamas_Tests.swift; sourceTree = "<group>"; };
		2163C776288493810023202D /* Info.plist */ = {isa = PBXFileReference; lastKnownFileType = text.plist.xml; path = Info.plist; sourceTree = "<group>"; };
		2163C77B288493810023202D /* star uygulamasıUITests.xctest */ = {isa = PBXFileReference; explicitFileType = wrapper.cfbundle; includeInIndex = 0; path = "star uygulamasıUITests.xctest"; sourceTree = BUILT_PRODUCTS_DIR; };
		2163C77F288493810023202D /* star_uygulamas_UITests.swift */ = {isa = PBXFileReference; lastKnownFileType = sourcecode.swift; path = star_uygulamas_UITests.swift; sourceTree = "<group>"; };
		2163C781288493810023202D /* Info.plist */ = {isa = PBXFileReference; lastKnownFileType = text.plist.xml; path = Info.plist; sourceTree = "<group>"; };
		2163C78D2884976F0023202D /* Cristiano_Ronaldo_2018.jpeg */ = {isa = PBXFileReference; lastKnownFileType = image.jpeg; path = Cristiano_Ronaldo_2018.jpeg; sourceTree = "<group>"; };
		2163C78E2884976F0023202D /* Lionel_Messi_20180626.jpeg */ = {isa = PBXFileReference; lastKnownFileType = image.jpeg; path = Lionel_Messi_20180626.jpeg; sourceTree = "<group>"; };
		2163C78F2884976F0023202D /* rondilho.jpeg */ = {isa = PBXFileReference; lastKnownFileType = image.jpeg; path = rondilho.jpeg; sourceTree = "<group>"; };
		2163C7902884976F0023202D /* diego-maradona-1401100569-36.jpeg */ = {isa = PBXFileReference; lastKnownFileType = image.jpeg; path = "diego-maradona-1401100569-36.jpeg"; sourceTree = "<group>"; };
		2163C79D288498310023202D /* detailViewController.swift */ = {isa = PBXFileReference; lastKnownFileType = sourcecode.swift; path = detailViewController.swift; sourceTree = "<group>"; };
		2163C7A528849EC40023202D /* kullanici.swift */ = {isa = PBXFileReference; lastKnownFileType = sourcecode.swift; path = kullanici.swift; sourceTree = "<group>"; };
/* End PBXFileReference section */

/* Begin PBXFrameworksBuildPhase section */
		2163C757288493800023202D /* Frameworks */ = {
			isa = PBXFrameworksBuildPhase;
			buildActionMask = 2147483647;
			files = (
			);
			runOnlyForDeploymentPostprocessing = 0;
		};
		2163C76D288493810023202D /* Frameworks */ = {
			isa = PBXFrameworksBuildPhase;
			buildActionMask = 2147483647;
			files = (
			);
			runOnlyForDeploymentPostprocessing = 0;
		};
		2163C778288493810023202D /* Frameworks */ = {
			isa = PBXFrameworksBuildPhase;
			buildActionMask = 2147483647;
			files = (
			);
			runOnlyForDeploymentPostprocessing = 0;
		};
/* End PBXFrameworksBuildPhase section */

/* Begin PBXGroup section */
		2163C751288493800023202D = {
			isa = PBXGroup;
			children = (
				2163C75C288493800023202D /* star uygulaması */,
				2163C773288493810023202D /* star uygulamasıTests */,
				2163C77E288493810023202D /* star uygulamasıUITests */,
				2163C75B288493800023202D /* Products */,
			);
			sourceTree = "<group>";
		};
		2163C75B288493800023202D /* Products */ = {
			isa = PBXGroup;
			children = (
				2163C75A288493800023202D /* star uygulaması.app */,
				2163C770288493810023202D /* star uygulamasıTests.xctest */,
				2163C77B288493810023202D /* star uygulamasıUITests.xctest */,
			);
			name = Products;
			sourceTree = "<group>";
		};
		2163C75C288493800023202D /* star uygulaması */ = {
			isa = PBXGroup;
			children = (
				2163C75D288493800023202D /* AppDelegate.swift */,
				2163C75F288493800023202D /* SceneDelegate.swift */,
				2163C761288493800023202D /* ViewController.swift */,
				2163C79D288498310023202D /* detailViewController.swift */,
				2163C763288493800023202D /* Main.storyboard */,
				2163C766288493810023202D /* Assets.xcassets */,
				2163C768288493810023202D /* LaunchScreen.storyboard */,
				2163C76B288493810023202D /* Info.plist */,
				2163C78D2884976F0023202D /* Cristiano_Ronaldo_2018.jpeg */,
				2163C78E2884976F0023202D /* Lionel_Messi_20180626.jpeg */,
				2163C7902884976F0023202D /* diego-maradona-1401100569-36.jpeg */,
				2163C78F2884976F0023202D /* rondilho.jpeg */,
				2163C7A528849EC40023202D /* kullanici.swift */,
			);
			path = "star uygulaması";
			sourceTree = "<group>";
		};
		2163C773288493810023202D /* star uygulamasıTests */ = {
			isa = PBXGroup;
			children = (
				2163C774288493810023202D /* star_uygulamas_Tests.swift */,
				2163C776288493810023202D /* Info.plist */,
			);
			path = "star uygulamasıTests";
			sourceTree = "<group>";
		};
		2163C77E288493810023202D /* star uygulamasıUITests */ = {
			isa = PBXGroup;
			children = (
				2163C77F288493810023202D /* star_uygulamas_UITests.swift */,
				2163C781288493810023202D /* Info.plist */,
			);
			path = "star uygulamasıUITests";
			sourceTree = "<group>";
		};
/* End PBXGroup section */

/* Begin PBXNativeTarget section */
		2163C759288493800023202D /* star uygulaması */ = {
			isa = PBXNativeTarget;
			buildConfigurationList = 2163C784288493810023202D /* Build configuration list for PBXNativeTarget "star uygulaması" */;
			buildPhases = (
				2163C756288493800023202D /* Sources */,
				2163C757288493800023202D /* Frameworks */,
				2163C758288493800023202D /* Resources */,
			);
			buildRules = (
			);
			dependencies = (
			);
			name = "star uygulaması";
			productName = "star uygulaması";
			productReference = 2163C75A288493800023202D /* star uygulaması.app */;
			productType = "com.apple.product-type.application";
		};
		2163C76F288493810023202D /* star uygulamasıTests */ = {
			isa = PBXNativeTarget;
			buildConfigurationList = 2163C787288493810023202D /* Build configuration list for PBXNativeTarget "star uygulamasıTests" */;
			buildPhases = (
				2163C76C288493810023202D /* Sources */,
				2163C76D288493810023202D /* Frameworks */,
				2163C76E288493810023202D /* Resources */,
			);
			buildRules = (
			);
			dependencies = (
				2163C772288493810023202D /* PBXTargetDependency */,
			);
			name = "star uygulamasıTests";
			productName = "star uygulamasıTests";
			productReference = 2163C770288493810023202D /* star uygulamasıTests.xctest */;
			productType = "com.apple.product-type.bundle.unit-test";
		};
		2163C77A288493810023202D /* star uygulamasıUITests */ = {
			isa = PBXNativeTarget;
			buildConfigurationList = 2163C78A288493810023202D /* Build configuration list for PBXNativeTarget "star uygulamasıUITests" */;
			buildPhases = (
				2163C777288493810023202D /* Sources */,
				2163C778288493810023202D /* Frameworks */,
				2163C779288493810023202D /* Resources */,
			);
			buildRules = (
			);
			dependencies = (
				2163C77D288493810023202D /* PBXTargetDependency */,
			);
			name = "star uygulamasıUITests";
			productName = "star uygulamasıUITests";
			productReference = 2163C77B288493810023202D /* star uygulamasıUITests.xctest */;
			productType = "com.apple.product-type.bundle.ui-testing";
		};
/* End PBXNativeTarget section */

/* Begin PBXProject section */
		2163C752288493800023202D /* Project object */ = {
			isa = PBXProject;
			attributes = {
				LastSwiftUpdateCheck = 1250;
				LastUpgradeCheck = 1250;
				TargetAttributes = {
					2163C759288493800023202D = {
						CreatedOnToolsVersion = 12.5.1;
					};
					2163C76F288493810023202D = {
						CreatedOnToolsVersion = 12.5.1;
						TestTargetID = 2163C759288493800023202D;
					};
					2163C77A288493810023202D = {
						CreatedOnToolsVersion = 12.5.1;
						TestTargetID = 2163C759288493800023202D;
					};
				};
			};
			buildConfigurationList = 2163C755288493800023202D /* Build configuration list for PBXProject "star uygulaması" */;
			compatibilityVersion = "Xcode 9.3";
			developmentRegion = en;
			hasScannedForEncodings = 0;
			knownRegions = (
				en,
				Base,
			);
			mainGroup = 2163C751288493800023202D;
			productRefGroup = 2163C75B288493800023202D /* Products */;
			projectDirPath = "";
			projectRoot = "";
			targets = (
				2163C759288493800023202D /* star uygulaması */,
				2163C76F288493810023202D /* star uygulamasıTests */,
				2163C77A288493810023202D /* star uygulamasıUITests */,
			);
		};
/* End PBXProject section */

/* Begin PBXResourcesBuildPhase section */
		2163C758288493800023202D /* Resources */ = {
			isa = PBXResourcesBuildPhase;
			buildActionMask = 2147483647;
			files = (
				2163C7942884976F0023202D /* Lionel_Messi_20180626.jpeg in Resources */,
				2163C79A2884976F0023202D /* diego-maradona-1401100569-36.jpeg in Resources */,
				2163C76A288493810023202D /* LaunchScreen.storyboard in Resources */,
				2163C767288493810023202D /* Assets.xcassets in Resources */,
				2163C765288493800023202D /* Main.storyboard in Resources */,
				2163C7972884976F0023202D /* rondilho.jpeg in Resources */,
				2163C7912884976F0023202D /* Cristiano_Ronaldo_2018.jpeg in Resources */,
			);
			runOnlyForDeploymentPostprocessing = 0;
		};
		2163C76E288493810023202D /* Resources */ = {
			isa = PBXResourcesBuildPhase;
			buildActionMask = 2147483647;
			files = (
				2163C7922884976F0023202D /* Cristiano_Ronaldo_2018.jpeg in Resources */,
				2163C79B2884976F0023202D /* diego-maradona-1401100569-36.jpeg in Resources */,
				2163C7982884976F0023202D /* rondilho.jpeg in Resources */,
				2163C7952884976F0023202D /* Lionel_Messi_20180626.jpeg in Resources */,
			);
			runOnlyForDeploymentPostprocessing = 0;
		};
		2163C779288493810023202D /* Resources */ = {
			isa = PBXResourcesBuildPhase;
			buildActionMask = 2147483647;
			files = (
				2163C7932884976F0023202D /* Cristiano_Ronaldo_2018.jpeg in Resources */,
				2163C79C2884976F0023202D /* diego-maradona-1401100569-36.jpeg in Resources */,
				2163C7992884976F0023202D /* rondilho.jpeg in Resources */,
				2163C7962884976F0023202D /* Lionel_Messi_20180626.jpeg in Resources */,
			);
			runOnlyForDeploymentPostprocessing = 0;
		};
/* End PBXResourcesBuildPhase section */

/* Begin PBXSourcesBuildPhase section */
		2163C756288493800023202D /* Sources */ = {
			isa = PBXSourcesBuildPhase;
			buildActionMask = 2147483647;
			files = (
				2163C762288493800023202D /* ViewController.swift in Sources */,
				2163C75E288493800023202D /* AppDelegate.swift in Sources */,
				2163C760288493800023202D /* SceneDelegate.swift in Sources */,
				2163C79E288498310023202D /* detailViewController.swift in Sources */,
				2163C7A628849EC40023202D /* kullanici.swift in Sources */,
			);
			runOnlyForDeploymentPostprocessing = 0;
		};
		2163C76C288493810023202D /* Sources */ = {
			isa = PBXSourcesBuildPhase;
			buildActionMask = 2147483647;
			files = (
				2163C775288493810023202D /* star_uygulamas_Tests.swift in Sources */,
				2163C7A728849EC40023202D /* kullanici.swift in Sources */,
				2163C79F288498310023202D /* detailViewController.swift in Sources */,
			);
			runOnlyForDeploymentPostprocessing = 0;
		};
		2163C777288493810023202D /* Sources */ = {
			isa = PBXSourcesBuildPhase;
			buildActionMask = 2147483647;
			files = (
				2163C780288493810023202D /* star_uygulamas_UITests.swift in Sources */,
				2163C7A828849EC40023202D /* kullanici.swift in Sources */,
				2163C7A0288498310023202D /* detailViewController.swift in Sources */,
			);
			runOnlyForDeploymentPostprocessing = 0;
		};
/* End PBXSourcesBuildPhase section */

/* Begin PBXTargetDependency section */
		2163C772288493810023202D /* PBXTargetDependency */ = {
			isa = PBXTargetDependency;
			target = 2163C759288493800023202D /* star uygulaması */;
			targetProxy = 2163C771288493810023202D /* PBXContainerItemProxy */;
		};
		2163C77D288493810023202D /* PBXTargetDependency */ = {
			isa = PBXTargetDependency;
			target = 2163C759288493800023202D /* star uygulaması */;
			targetProxy = 2163C77C288493810023202D /* PBXContainerItemProxy */;
		};
/* End PBXTargetDependency section */

/* Begin PBXVariantGroup section */
		2163C763288493800023202D /* Main.storyboard */ = {
			isa = PBXVariantGroup;
			children = (
				2163C764288493800023202D /* Base */,
			);
			name = Main.storyboard;
			sourceTree = "<group>";
		};
		2163C768288493810023202D /* LaunchScreen.storyboard */ = {
			isa = PBXVariantGroup;
			children = (
				2163C769288493810023202D /* Base */,
			);
			name = LaunchScreen.storyboard;
			sourceTree = "<group>";
		};
/* End PBXVariantGroup section */

/* Begin XCBuildConfiguration section */
		2163C782288493810023202D /* Debug */ = {
			isa = XCBuildConfiguration;
			buildSettings = {
				ALWAYS_SEARCH_USER_PATHS = NO;
				CLANG_ANALYZER_NONNULL = YES;
				CLANG_ANALYZER_NUMBER_OBJECT_CONVERSION = YES_AGGRESSIVE;
				CLANG_CXX_LANGUAGE_STANDARD = "gnu++14";
				CLANG_CXX_LIBRARY = "libc++";
				CLANG_ENABLE_MODULES = YES;
				CLANG_ENABLE_OBJC_ARC = YES;
				CLANG_ENABLE_OBJC_WEAK = YES;
				CLANG_WARN_BLOCK_CAPTURE_AUTORELEASING = YES;
				CLANG_WARN_BOOL_CONVERSION = YES;
				CLANG_WARN_COMMA = YES;
				CLANG_WARN_CONSTANT_CONVERSION = YES;
				CLANG_WARN_DEPRECATED_OBJC_IMPLEMENTATIONS = YES;
				CLANG_WARN_DIRECT_OBJC_ISA_USAGE = YES_ERROR;
				CLANG_WARN_DOCUMENTATION_COMMENTS = YES;
				CLANG_WARN_EMPTY_BODY = YES;
				CLANG_WARN_ENUM_CONVERSION = YES;
				CLANG_WARN_INFINITE_RECURSION = YES;
				CLANG_WARN_INT_CONVERSION = YES;
				CLANG_WARN_NON_LITERAL_NULL_CONVERSION = YES;
				CLANG_WARN_OBJC_IMPLICIT_RETAIN_SELF = YES;
				CLANG_WARN_OBJC_LITERAL_CONVERSION = YES;
				CLANG_WARN_OBJC_ROOT_CLASS = YES_ERROR;
				CLANG_WARN_QUOTED_INCLUDE_IN_FRAMEWORK_HEADER = YES;
				CLANG_WARN_RANGE_LOOP_ANALYSIS = YES;
				CLANG_WARN_STRICT_PROTOTYPES = YES;
				CLANG_WARN_SUSPICIOUS_MOVE = YES;
				CLANG_WARN_UNGUARDED_AVAILABILITY = YES_AGGRESSIVE;
				CLANG_WARN_UNREACHABLE_CODE = YES;
				CLANG_WARN__DUPLICATE_METHOD_MATCH = YES;
				COPY_PHASE_STRIP = NO;
				DEBUG_INFORMATION_FORMAT = dwarf;
				ENABLE_STRICT_OBJC_MSGSEND = YES;
				ENABLE_TESTABILITY = YES;
				GCC_C_LANGUAGE_STANDARD = gnu11;
				GCC_DYNAMIC_NO_PIC = NO;
				GCC_NO_COMMON_BLOCKS = YES;
				GCC_OPTIMIZATION_LEVEL = 0;
				GCC_PREPROCESSOR_DEFINITIONS = (
					"DEBUG=1",
					"$(inherited)",
				);
				GCC_WARN_64_TO_32_BIT_CONVERSION = YES;
				GCC_WARN_ABOUT_RETURN_TYPE = YES_ERROR;
				GCC_WARN_UNDECLARED_SELECTOR = YES;
				GCC_WARN_UNINITIALIZED_AUTOS = YES_AGGRESSIVE;
				GCC_WARN_UNUSED_FUNCTION = YES;
				GCC_WARN_UNUSED_VARIABLE = YES;
				IPHONEOS_DEPLOYMENT_TARGET = 14.5;
				MTL_ENABLE_DEBUG_INFO = INCLUDE_SOURCE;
				MTL_FAST_MATH = YES;
				ONLY_ACTIVE_ARCH = YES;
				SDKROOT = iphoneos;
				SWIFT_ACTIVE_COMPILATION_CONDITIONS = DEBUG;
				SWIFT_OPTIMIZATION_LEVEL = "-Onone";
			};
			name = Debug;
		};
		2163C783288493810023202D /* Release */ = {
			isa = XCBuildConfiguration;
			buildSettings = {
				ALWAYS_SEARCH_USER_PATHS = NO;
				CLANG_ANALYZER_NONNULL = YES;
				CLANG_ANALYZER_NUMBER_OBJECT_CONVERSION = YES_AGGRESSIVE;
				CLANG_CXX_LANGUAGE_STANDARD = "gnu++14";
				CLANG_CXX_LIBRARY = "libc++";
				CLANG_ENABLE_MODULES = YES;
				CLANG_ENABLE_OBJC_ARC = YES;
				CLANG_ENABLE_OBJC_WEAK = YES;
				CLANG_WARN_BLOCK_CAPTURE_AUTORELEASING = YES;
				CLANG_WARN_BOOL_CONVERSION = YES;
				CLANG_WARN_COMMA = YES;
				CLANG_WARN_CONSTANT_CONVERSION = YES;
				CLANG_WARN_DEPRECATED_OBJC_IMPLEMENTATIONS = YES;
				CLANG_WARN_DIRECT_OBJC_ISA_USAGE = YES_ERROR;
				CLANG_WARN_DOCUMENTATION_COMMENTS = YES;
				CLANG_WARN_EMPTY_BODY = YES;
				CLANG_WARN_ENUM_CONVERSION = YES;
				CLANG_WARN_INFINITE_RECURSION = YES;
				CLANG_WARN_INT_CONVERSION = YES;
				CLANG_WARN_NON_LITERAL_NULL_CONVERSION = YES;
				CLANG_WARN_OBJC_IMPLICIT_RETAIN_SELF = YES;
				CLANG_WARN_OBJC_LITERAL_CONVERSION = YES;
				CLANG_WARN_OBJC_ROOT_CLASS = YES_ERROR;
				CLANG_WARN_QUOTED_INCLUDE_IN_FRAMEWORK_HEADER = YES;
				CLANG_WARN_RANGE_LOOP_ANALYSIS = YES;
				CLANG_WARN_STRICT_PROTOTYPES = YES;
				CLANG_WARN_SUSPICIOUS_MOVE = YES;
				CLANG_WARN_UNGUARDED_AVAILABILITY = YES_AGGRESSIVE;
				CLANG_WARN_UNREACHABLE_CODE = YES;
				CLANG_WARN__DUPLICATE_METHOD_MATCH = YES;
				COPY_PHASE_STRIP = NO;
				DEBUG_INFORMATION_FORMAT = "dwarf-with-dsym";
				ENABLE_NS_ASSERTIONS = NO;
				ENABLE_STRICT_OBJC_MSGSEND = YES;
				GCC_C_LANGUAGE_STANDARD = gnu11;
				GCC_NO_COMMON_BLOCKS = YES;
				GCC_WARN_64_TO_32_BIT_CONVERSION = YES;
				GCC_WARN_ABOUT_RETURN_TYPE = YES_ERROR;
				GCC_WARN_UNDECLARED_SELECTOR = YES;
				GCC_WARN_UNINITIALIZED_AUTOS = YES_AGGRESSIVE;
				GCC_WARN_UNUSED_FUNCTION = YES;
				GCC_WARN_UNUSED_VARIABLE = YES;
				IPHONEOS_DEPLOYMENT_TARGET = 14.5;
				MTL_ENABLE_DEBUG_INFO = NO;
				MTL_FAST_MATH = YES;
				SDKROOT = iphoneos;
				SWIFT_COMPILATION_MODE = wholemodule;
				SWIFT_OPTIMIZATION_LEVEL = "-O";
				VALIDATE_PRODUCT = YES;
			};
			name = Release;
		};
		2163C785288493810023202D /* Debug */ = {
			isa = XCBuildConfiguration;
			buildSettings = {
				ASSETCATALOG_COMPILER_APPICON_NAME = AppIcon;
				ASSETCATALOG_COMPILER_GLOBAL_ACCENT_COLOR_NAME = AccentColor;
				CODE_SIGN_STYLE = Automatic;
				DEVELOPMENT_TEAM = 3BX64U658L;
				INFOPLIST_FILE = "star uygulaması/Info.plist";
				LD_RUNPATH_SEARCH_PATHS = (
					"$(inherited)",
					"@executable_path/Frameworks",
				);
				PRODUCT_BUNDLE_IDENTIFIER = "com.melih.test1.star-uygulamas-";
				PRODUCT_NAME = "$(TARGET_NAME)";
				SWIFT_VERSION = 5.0;
				TARGETED_DEVICE_FAMILY = "1,2";
			};
			name = Debug;
		};
		2163C786288493810023202D /* Release */ = {
			isa = XCBuildConfiguration;
			buildSettings = {
				ASSETCATALOG_COMPILER_APPICON_NAME = AppIcon;
				ASSETCATALOG_COMPILER_GLOBAL_ACCENT_COLOR_NAME = AccentColor;
				CODE_SIGN_STYLE = Automatic;
				DEVELOPMENT_TEAM = 3BX64U658L;
				INFOPLIST_FILE = "star uygulaması/Info.plist";
				LD_RUNPATH_SEARCH_PATHS = (
					"$(inherited)",
					"@executable_path/Frameworks",
				);
				PRODUCT_BUNDLE_IDENTIFIER = "com.melih.test1.star-uygulamas-";
				PRODUCT_NAME = "$(TARGET_NAME)";
				SWIFT_VERSION = 5.0;
				TARGETED_DEVICE_FAMILY = "1,2";
			};
			name = Release;
		};
		2163C788288493810023202D /* Debug */ = {
			isa = XCBuildConfiguration;
			buildSettings = {
				ALWAYS_EMBED_SWIFT_STANDARD_LIBRARIES = YES;
				BUNDLE_LOADER = "$(TEST_HOST)";
				CODE_SIGN_STYLE = Automatic;
				DEVELOPMENT_TEAM = 3BX64U658L;
				INFOPLIST_FILE = "star uygulamasıTests/Info.plist";
				IPHONEOS_DEPLOYMENT_TARGET = 14.5;
				LD_RUNPATH_SEARCH_PATHS = (
					"$(inherited)",
					"@executable_path/Frameworks",
					"@loader_path/Frameworks",
				);
				PRODUCT_BUNDLE_IDENTIFIER = "com.melih.test1.star-uygulamas-Tests";
				PRODUCT_NAME = "$(TARGET_NAME)";
				SWIFT_VERSION = 5.0;
				TARGETED_DEVICE_FAMILY = "1,2";
				TEST_HOST = "$(BUILT_PRODUCTS_DIR)/star uygulaması.app/star uygulaması";
			};
			name = Debug;
		};
		2163C789288493810023202D /* Release */ = {
			isa = XCBuildConfiguration;
			buildSettings = {
				ALWAYS_EMBED_SWIFT_STANDARD_LIBRARIES = YES;
				BUNDLE_LOADER = "$(TEST_HOST)";
				CODE_SIGN_STYLE = Automatic;
				DEVELOPMENT_TEAM = 3BX64U658L;
				INFOPLIST_FILE = "star uygulamasıTests/Info.plist";
				IPHONEOS_DEPLOYMENT_TARGET = 14.5;
				LD_RUNPATH_SEARCH_PATHS = (
					"$(inherited)",
					"@executable_path/Frameworks",
					"@loader_path/Frameworks",
				);
				PRODUCT_BUNDLE_IDENTIFIER = "com.melih.test1.star-uygulamas-Tests";
				PRODUCT_NAME = "$(TARGET_NAME)";
				SWIFT_VERSION = 5.0;
				TARGETED_DEVICE_FAMILY = "1,2";
				TEST_HOST = "$(BUILT_PRODUCTS_DIR)/star uygulaması.app/star uygulaması";
			};
			name = Release;
		};
		2163C78B288493810023202D /* Debug */ = {
			isa = XCBuildConfiguration;
			buildSettings = {
				ALWAYS_EMBED_SWIFT_STANDARD_LIBRARIES = YES;
				CODE_SIGN_STYLE = Automatic;
				DEVELOPMENT_TEAM = 3BX64U658L;
				INFOPLIST_FILE = "star uygulamasıUITests/Info.plist";
				LD_RUNPATH_SEARCH_PATHS = (
					"$(inherited)",
					"@executable_path/Frameworks",
					"@loader_path/Frameworks",
				);
				PRODUCT_BUNDLE_IDENTIFIER = "com.melih.test1.star-uygulamas-UITests";
				PRODUCT_NAME = "$(TARGET_NAME)";
				SWIFT_VERSION = 5.0;
				TARGETED_DEVICE_FAMILY = "1,2";
				TEST_TARGET_NAME = "star uygulaması";
			};
			name = Debug;
		};
		2163C78C288493810023202D /* Release */ = {
			isa = XCBuildConfiguration;
			buildSettings = {
				ALWAYS_EMBED_SWIFT_STANDARD_LIBRARIES = YES;
				CODE_SIGN_STYLE = Automatic;
				DEVELOPMENT_TEAM = 3BX64U658L;
				INFOPLIST_FILE = "star uygulamasıUITests/Info.plist";
				LD_RUNPATH_SEARCH_PATHS = (
					"$(inherited)",
					"@executable_path/Frameworks",
					"@loader_path/Frameworks",
				);
				PRODUCT_BUNDLE_IDENTIFIER = "com.melih.test1.star-uygulamas-UITests";
				PRODUCT_NAME = "$(TARGET_NAME)";
				SWIFT_VERSION = 5.0;
				TARGETED_DEVICE_FAMILY = "1,2";
				TEST_TARGET_NAME = "star uygulaması";
			};
			name = Release;
		};
/* End XCBuildConfiguration section */

/* Begin XCConfigurationList section */
		2163C755288493800023202D /* Build configuration list for PBXProject "star uygulaması" */ = {
			isa = XCConfigurationList;
			buildConfigurations = (
				2163C782288493810023202D /* Debug */,
				2163C783288493810023202D /* Release */,
			);
			defaultConfigurationIsVisible = 0;
			defaultConfigurationName = Release;
		};
		2163C784288493810023202D /* Build configuration list for PBXNativeTarget "star uygulaması" */ = {
			isa = XCConfigurationList;
			buildConfigurations = (
				2163C785288493810023202D /* Debug */,
				2163C786288493810023202D /* Release */,
			);
			defaultConfigurationIsVisible = 0;
			defaultConfigurationName = Release;
		};
		2163C787288493810023202D /* Build configuration list for PBXNativeTarget "star uygulamasıTests" */ = {
			isa = XCConfigurationList;
			buildConfigurations = (
				2163C788288493810023202D /* Debug */,
				2163C789288493810023202D /* Release */,
			);
			defaultConfigurationIsVisible = 0;
			defaultConfigurationName = Release;
		};
		2163C78A288493810023202D /* Build configuration list for PBXNativeTarget "star uygulamasıUITests" */ = {
			isa = XCConfigurationList;
			buildConfigurations = (
				2163C78B288493810023202D /* Debug */,
				2163C78C288493810023202D /* Release */,
			);
			defaultConfigurationIsVisible = 0;
			defaultConfigurationName = Release;
		};
/* End XCConfigurationList section */
	};
	rootObject = 2163C752288493800023202D /* Project object */;
}
